// !$*UTF8*$!
{
	archiveVersion = 1;
	classes = {
	};
	objectVersion = 48;
	objects = {

/* Begin PBXBuildFile section */
		1549F8C8201954DF001D014D /* AppDelegate.swift in Sources */ = {isa = PBXBuildFile; fileRef = 1549F8C7201954DF001D014D /* AppDelegate.swift */; };
		1549F8CD201954DF001D014D /* Main.storyboard in Resources */ = {isa = PBXBuildFile; fileRef = 1549F8CB201954DF001D014D /* Main.storyboard */; };
		1549F8CF201954DF001D014D /* Assets.xcassets in Resources */ = {isa = PBXBuildFile; fileRef = 1549F8CE201954DF001D014D /* Assets.xcassets */; };
		1549F8D2201954DF001D014D /* LaunchScreen.storyboard in Resources */ = {isa = PBXBuildFile; fileRef = 1549F8D0201954DF001D014D /* LaunchScreen.storyboard */; };
		15697BDA2019981F006C51F1 /* SWRevealViewController.m in Sources */ = {isa = PBXBuildFile; fileRef = 15697BD92019981F006C51F1 /* SWRevealViewController.m */; };
		15697BE220199C3F006C51F1 /* ChatViewController.swift in Sources */ = {isa = PBXBuildFile; fileRef = 15697BE120199C3F006C51F1 /* ChatViewController.swift */; };
		15697BE420199C4E006C51F1 /* ChannelViewController.swift in Sources */ = {isa = PBXBuildFile; fileRef = 15697BE320199C4E006C51F1 /* ChannelViewController.swift */; };
		705C497984D1742F0925EA0D /* Pods_Blah.framework in Frameworks */ = {isa = PBXBuildFile; fileRef = E6E1D4C16E029640DCC64706 /* Pods_Blah.framework */; };
/* End PBXBuildFile section */

/* Begin PBXFileReference section */
		1549F8C4201954DF001D014D /* Blah.app */ = {isa = PBXFileReference; explicitFileType = wrapper.application; includeInIndex = 0; path = Blah.app; sourceTree = BUILT_PRODUCTS_DIR; };
		1549F8C7201954DF001D014D /* AppDelegate.swift */ = {isa = PBXFileReference; lastKnownFileType = sourcecode.swift; path = AppDelegate.swift; sourceTree = "<group>"; };
		1549F8CC201954DF001D014D /* Base */ = {isa = PBXFileReference; lastKnownFileType = file.storyboard; name = Base; path = Base.lproj/Main.storyboard; sourceTree = "<group>"; };
		1549F8CE201954DF001D014D /* Assets.xcassets */ = {isa = PBXFileReference; lastKnownFileType = folder.assetcatalog; path = Assets.xcassets; sourceTree = "<group>"; };
		1549F8D1201954DF001D014D /* Base */ = {isa = PBXFileReference; lastKnownFileType = file.storyboard; name = Base; path = Base.lproj/LaunchScreen.storyboard; sourceTree = "<group>"; };
		1549F8D3201954DF001D014D /* Info.plist */ = {isa = PBXFileReference; lastKnownFileType = text.plist.xml; path = Info.plist; sourceTree = "<group>"; };
		15697BD82019981F006C51F1 /* SWRevealViewController.h */ = {isa = PBXFileReference; fileEncoding = 4; lastKnownFileType = sourcecode.c.h; name = SWRevealViewController.h; path = "Blah/Supporting Files/SWRevealViewController.h"; sourceTree = SOURCE_ROOT; };
		15697BD92019981F006C51F1 /* SWRevealViewController.m */ = {isa = PBXFileReference; fileEncoding = 4; lastKnownFileType = sourcecode.c.objc; name = SWRevealViewController.m; path = "Blah/Supporting Files/SWRevealViewController.m"; sourceTree = SOURCE_ROOT; };
		15697BDC201998A4006C51F1 /* Blah-Bridging-Header.h */ = {isa = PBXFileReference; fileEncoding = 4; lastKnownFileType = sourcecode.c.h; name = "Blah-Bridging-Header.h"; path = "Blah/Supporting Files/Blah-Bridging-Header.h"; sourceTree = SOURCE_ROOT; };
		15697BE120199C3F006C51F1 /* ChatViewController.swift */ = {isa = PBXFileReference; lastKnownFileType = sourcecode.swift; path = ChatViewController.swift; sourceTree = "<group>"; };
		15697BE320199C4E006C51F1 /* ChannelViewController.swift */ = {isa = PBXFileReference; lastKnownFileType = sourcecode.swift; path = ChannelViewController.swift; sourceTree = "<group>"; };
		4B24FCA86AF5D183C684BD2E /* Pods-Blah.debug.xcconfig */ = {isa = PBXFileReference; includeInIndex = 1; lastKnownFileType = text.xcconfig; name = "Pods-Blah.debug.xcconfig"; path = "Pods/Target Support Files/Pods-Blah/Pods-Blah.debug.xcconfig"; sourceTree = "<group>"; };
		A046E8EE1F2583D889B2B690 /* Pods-Blah.release.xcconfig */ = {isa = PBXFileReference; includeInIndex = 1; lastKnownFileType = text.xcconfig; name = "Pods-Blah.release.xcconfig"; path = "Pods/Target Support Files/Pods-Blah/Pods-Blah.release.xcconfig"; sourceTree = "<group>"; };
		E6E1D4C16E029640DCC64706 /* Pods_Blah.framework */ = {isa = PBXFileReference; explicitFileType = wrapper.framework; includeInIndex = 0; path = Pods_Blah.framework; sourceTree = BUILT_PRODUCTS_DIR; };
/* End PBXFileReference section */

/* Begin PBXFrameworksBuildPhase section */
		1549F8C1201954DF001D014D /* Frameworks */ = {
			isa = PBXFrameworksBuildPhase;
			buildActionMask = 2147483647;
			files = (
				705C497984D1742F0925EA0D /* Pods_Blah.framework in Frameworks */,
			);
			runOnlyForDeploymentPostprocessing = 0;
		};
/* End PBXFrameworksBuildPhase section */

/* Begin PBXGroup section */
		1549F8BB201954DF001D014D = {
			isa = PBXGroup;
			children = (
				1549F8C6201954DF001D014D /* Blah */,
				1549F8C5201954DF001D014D /* Products */,
				4017CA9277FC3EA907687E8F /* Pods */,
				1F6AED5F454253A09B370A0C /* Frameworks */,
			);
			sourceTree = "<group>";
		};
		1549F8C5201954DF001D014D /* Products */ = {
			isa = PBXGroup;
			children = (
				1549F8C4201954DF001D014D /* Blah.app */,
			);
			name = Products;
			sourceTree = "<group>";
		};
		1549F8C6201954DF001D014D /* Blah */ = {
			isa = PBXGroup;
			children = (
				1549F8C7201954DF001D014D /* AppDelegate.swift */,
				15697BE020199C0D006C51F1 /* Model */,
				15697BDF20199C09006C51F1 /* View */,
				15697BDE20199C01006C51F1 /* Controller */,
				15697BDD201999ED006C51F1 /* Supporting Files */,
				1549F8CB201954DF001D014D /* Main.storyboard */,
				1549F8CE201954DF001D014D /* Assets.xcassets */,
				1549F8D0201954DF001D014D /* LaunchScreen.storyboard */,
				1549F8D3201954DF001D014D /* Info.plist */,
			);
			path = Blah;
			sourceTree = "<group>";
		};
		15697BDD201999ED006C51F1 /* Supporting Files */ = {
			isa = PBXGroup;
			children = (
				15697BD82019981F006C51F1 /* SWRevealViewController.h */,
				15697BD92019981F006C51F1 /* SWRevealViewController.m */,
				15697BDC201998A4006C51F1 /* Blah-Bridging-Header.h */,
			);
			path = "Supporting Files";
			sourceTree = "<group>";
		};
		15697BDE20199C01006C51F1 /* Controller */ = {
			isa = PBXGroup;
			children = (
				15697BE120199C3F006C51F1 /* ChatViewController.swift */,
				15697BE320199C4E006C51F1 /* ChannelViewController.swift */,
			);
			path = Controller;
			sourceTree = "<group>";
		};
		15697BDF20199C09006C51F1 /* View */ = {
			isa = PBXGroup;
			children = (
			);
			path = View;
			sourceTree = "<group>";
		};
		15697BE020199C0D006C51F1 /* Model */ = {
			isa = PBXGroup;
			children = (
			);
			path = Model;
			sourceTree = "<group>";
		};
		1F6AED5F454253A09B370A0C /* Frameworks */ = {
			isa = PBXGroup;
			children = (
				E6E1D4C16E029640DCC64706 /* Pods_Blah.framework */,
			);
			name = Frameworks;
			sourceTree = "<group>";
		};
		4017CA9277FC3EA907687E8F /* Pods */ = {
			isa = PBXGroup;
			children = (
				4B24FCA86AF5D183C684BD2E /* Pods-Blah.debug.xcconfig */,
				A046E8EE1F2583D889B2B690 /* Pods-Blah.release.xcconfig */,
			);
			name = Pods;
			sourceTree = "<group>";
		};
/* End PBXGroup section */

/* Begin PBXNativeTarget section */
		1549F8C3201954DF001D014D /* Blah */ = {
			isa = PBXNativeTarget;
			buildConfigurationList = 1549F8D6201954DF001D014D /* Build configuration list for PBXNativeTarget "Blah" */;
			buildPhases = (
				889CA8528DE7E65FA2A445B7 /* [CP] Check Pods Manifest.lock */,
				1549F8C0201954DF001D014D /* Sources */,
				1549F8C1201954DF001D014D /* Frameworks */,
				1549F8C2201954DF001D014D /* Resources */,
				A304769CA65824D137FF619C /* [CP] Embed Pods Frameworks */,
				38DE1BA43109987A7609BC62 /* [CP] Copy Pods Resources */,
			);
			buildRules = (
			);
			dependencies = (
			);
			name = Blah;
			productName = Blah;
			productReference = 1549F8C4201954DF001D014D /* Blah.app */;
			productType = "com.apple.product-type.application";
		};
/* End PBXNativeTarget section */

/* Begin PBXProject section */
		1549F8BC201954DF001D014D /* Project object */ = {
			isa = PBXProject;
			attributes = {
				LastSwiftUpdateCheck = 0910;
				LastUpgradeCheck = 0910;
				ORGANIZATIONNAME = "AR Ehsan";
				TargetAttributes = {
					1549F8C3201954DF001D014D = {
						CreatedOnToolsVersion = 9.1;
						LastSwiftMigration = 0910;
						ProvisioningStyle = Automatic;
					};
				};
			};
			buildConfigurationList = 1549F8BF201954DF001D014D /* Build configuration list for PBXProject "Blah" */;
			compatibilityVersion = "Xcode 8.0";
			developmentRegion = en;
			hasScannedForEncodings = 0;
			knownRegions = (
				en,
				Base,
			);
			mainGroup = 1549F8BB201954DF001D014D;
			productRefGroup = 1549F8C5201954DF001D014D /* Products */;
			projectDirPath = "";
			projectRoot = "";
			targets = (
				1549F8C3201954DF001D014D /* Blah */,
			);
		};
/* End PBXProject section */

/* Begin PBXResourcesBuildPhase section */
		1549F8C2201954DF001D014D /* Resources */ = {
			isa = PBXResourcesBuildPhase;
			buildActionMask = 2147483647;
			files = (
				1549F8D2201954DF001D014D /* LaunchScreen.storyboard in Resources */,
				1549F8CF201954DF001D014D /* Assets.xcassets in Resources */,
				1549F8CD201954DF001D014D /* Main.storyboard in Resources */,
			);
			runOnlyForDeploymentPostprocessing = 0;
		};
/* End PBXResourcesBuildPhase section */

/* Begin PBXShellScriptBuildPhase section */
		38DE1BA43109987A7609BC62 /* [CP] Copy Pods Resources */ = {
			isa = PBXShellScriptBuildPhase;
			buildActionMask = 2147483647;
			files = (
			);
			inputPaths = (
			);
			name = "[CP] Copy Pods Resources";
			outputPaths = (
			);
			runOnlyForDeploymentPostprocessing = 0;
			shellPath = /bin/sh;
			shellScript = "\"${SRCROOT}/Pods/Target Support Files/Pods-Blah/Pods-Blah-resources.sh\"\n";
			showEnvVarsInLog = 0;
		};
		889CA8528DE7E65FA2A445B7 /* [CP] Check Pods Manifest.lock */ = {
			isa = PBXShellScriptBuildPhase;
			buildActionMask = 2147483647;
			files = (
			);
			inputPaths = (
				"${PODS_PODFILE_DIR_PATH}/Podfile.lock",
				"${PODS_ROOT}/Manifest.lock",
			);
			name = "[CP] Check Pods Manifest.lock";
			outputPaths = (
				"$(DERIVED_FILE_DIR)/Pods-Blah-checkManifestLockResult.txt",
			);
			runOnlyForDeploymentPostprocessing = 0;
			shellPath = /bin/sh;
			shellScript = "diff \"${PODS_PODFILE_DIR_PATH}/Podfile.lock\" \"${PODS_ROOT}/Manifest.lock\" > /dev/null\nif [ $? != 0 ] ; then\n    # print error to STDERR\n    echo \"error: The sandbox is not in sync with the Podfile.lock. Run 'pod install' or update your CocoaPods installation.\" >&2\n    exit 1\nfi\n# This output is used by Xcode 'outputs' to avoid re-running this script phase.\necho \"SUCCESS\" > \"${SCRIPT_OUTPUT_FILE_0}\"\n";
			showEnvVarsInLog = 0;
		};
		A304769CA65824D137FF619C /* [CP] Embed Pods Frameworks */ = {
			isa = PBXShellScriptBuildPhase;
			buildActionMask = 2147483647;
			files = (
			);
			inputPaths = (
				"${SRCROOT}/Pods/Target Support Files/Pods-Blah/Pods-Blah-frameworks.sh",
				"${BUILT_PRODUCTS_DIR}/Alamofire/Alamofire.framework",
				"${BUILT_PRODUCTS_DIR}/Socket.IO-Client-Swift/SocketIO.framework",
				"${BUILT_PRODUCTS_DIR}/Starscream/Starscream.framework",
				"${BUILT_PRODUCTS_DIR}/SwiftyJSON/SwiftyJSON.framework",
			);
			name = "[CP] Embed Pods Frameworks";
			outputPaths = (
				"${TARGET_BUILD_DIR}/${FRAMEWORKS_FOLDER_PATH}/Alamofire.framework",
				"${TARGET_BUILD_DIR}/${FRAMEWORKS_FOLDER_PATH}/SocketIO.framework",
				"${TARGET_BUILD_DIR}/${FRAMEWORKS_FOLDER_PATH}/Starscream.framework",
				"${TARGET_BUILD_DIR}/${FRAMEWORKS_FOLDER_PATH}/SwiftyJSON.framework",
			);
			runOnlyForDeploymentPostprocessing = 0;
			shellPath = /bin/sh;
			shellScript = "\"${SRCROOT}/Pods/Target Support Files/Pods-Blah/Pods-Blah-frameworks.sh\"\n";
			showEnvVarsInLog = 0;
		};
/* End PBXShellScriptBuildPhase section */

/* Begin PBXSourcesBuildPhase section */
		1549F8C0201954DF001D014D /* Sources */ = {
			isa = PBXSourcesBuildPhase;
			buildActionMask = 2147483647;
			files = (
				1549F8C8201954DF001D014D /* AppDelegate.swift in Sources */,
				15697BE220199C3F006C51F1 /* ChatViewController.swift in Sources */,
				15697BE420199C4E006C51F1 /* ChannelViewController.swift in Sources */,
				15697BDA2019981F006C51F1 /* SWRevealViewController.m in Sources */,
			);
			runOnlyForDeploymentPostprocessing = 0;
		};
/* End PBXSourcesBuildPhase section */

/* Begin PBXVariantGroup section */
		1549F8CB201954DF001D014D /* Main.storyboard */ = {
			isa = PBXVariantGroup;
			children = (
				1549F8CC201954DF001D014D /* Base */,
			);
			name = Main.storyboard;
			sourceTree = "<group>";
		};
		1549F8D0201954DF001D014D /* LaunchScreen.storyboard */ = {
			isa = PBXVariantGroup;
			children = (
				1549F8D1201954DF001D014D /* Base */,
			);
			name = LaunchScreen.storyboard;
			sourceTree = "<group>";
		};
/* End PBXVariantGroup section */

/* Begin XCBuildConfiguration section */
		1549F8D4201954DF001D014D /* Debug */ = {
			isa = XCBuildConfiguration;
			buildSettings = {
				ALWAYS_SEARCH_USER_PATHS = NO;
				CLANG_ANALYZER_NONNULL = YES;
				CLANG_ANALYZER_NUMBER_OBJECT_CONVERSION = YES_AGGRESSIVE;
				CLANG_CXX_LANGUAGE_STANDARD = "gnu++14";
				CLANG_CXX_LIBRARY = "libc++";
				CLANG_ENABLE_MODULES = YES;
				CLANG_ENABLE_OBJC_ARC = YES;
				CLANG_WARN_BLOCK_CAPTURE_AUTORELEASING = YES;
				CLANG_WARN_BOOL_CONVERSION = YES;
				CLANG_WARN_COMMA = YES;
				CLANG_WARN_CONSTANT_CONVERSION = YES;
				CLANG_WARN_DIRECT_OBJC_ISA_USAGE = YES_ERROR;
				CLANG_WARN_DOCUMENTATION_COMMENTS = YES;
				CLANG_WARN_EMPTY_BODY = YES;
				CLANG_WARN_ENUM_CONVERSION = YES;
				CLANG_WARN_INFINITE_RECURSION = YES;
				CLANG_WARN_INT_CONVERSION = YES;
				CLANG_WARN_NON_LITERAL_NULL_CONVERSION = YES;
				CLANG_WARN_OBJC_LITERAL_CONVERSION = YES;
				CLANG_WARN_OBJC_ROOT_CLASS = YES_ERROR;
				CLANG_WARN_RANGE_LOOP_ANALYSIS = YES;
				CLANG_WARN_STRICT_PROTOTYPES = YES;
				CLANG_WARN_SUSPICIOUS_MOVE = YES;
				CLANG_WARN_UNGUARDED_AVAILABILITY = YES_AGGRESSIVE;
				CLANG_WARN_UNREACHABLE_CODE = YES;
				CLANG_WARN__DUPLICATE_METHOD_MATCH = YES;
				CODE_SIGN_IDENTITY = "iPhone Developer";
				COPY_PHASE_STRIP = NO;
				DEBUG_INFORMATION_FORMAT = dwarf;
				ENABLE_STRICT_OBJC_MSGSEND = YES;
				ENABLE_TESTABILITY = YES;
				GCC_C_LANGUAGE_STANDARD = gnu11;
				GCC_DYNAMIC_NO_PIC = NO;
				GCC_NO_COMMON_BLOCKS = YES;
				GCC_OPTIMIZATION_LEVEL = 0;
				GCC_PREPROCESSOR_DEFINITIONS = (
					"DEBUG=1",
					"$(inherited)",
				);
				GCC_WARN_64_TO_32_BIT_CONVERSION = YES;
				GCC_WARN_ABOUT_RETURN_TYPE = YES_ERROR;
				GCC_WARN_UNDECLARED_SELECTOR = YES;
				GCC_WARN_UNINITIALIZED_AUTOS = YES_AGGRESSIVE;
				GCC_WARN_UNUSED_FUNCTION = YES;
				GCC_WARN_UNUSED_VARIABLE = YES;
				IPHONEOS_DEPLOYMENT_TARGET = 11.1;
				MTL_ENABLE_DEBUG_INFO = YES;
				ONLY_ACTIVE_ARCH = YES;
				SDKROOT = iphoneos;
				SWIFT_ACTIVE_COMPILATION_CONDITIONS = DEBUG;
				SWIFT_OPTIMIZATION_LEVEL = "-Onone";
			};
			name = Debug;
		};
		1549F8D5201954DF001D014D /* Release */ = {
			isa = XCBuildConfiguration;
			buildSettings = {
				ALWAYS_SEARCH_USER_PATHS = NO;
				CLANG_ANALYZER_NONNULL = YES;
				CLANG_ANALYZER_NUMBER_OBJECT_CONVERSION = YES_AGGRESSIVE;
				CLANG_CXX_LANGUAGE_STANDARD = "gnu++14";
				CLANG_CXX_LIBRARY = "libc++";
				CLANG_ENABLE_MODULES = YES;
				CLANG_ENABLE_OBJC_ARC = YES;
				CLANG_WARN_BLOCK_CAPTURE_AUTORELEASING = YES;
				CLANG_WARN_BOOL_CONVERSION = YES;
				CLANG_WARN_COMMA = YES;
				CLANG_WARN_CONSTANT_CONVERSION = YES;
				CLANG_WARN_DIRECT_OBJC_ISA_USAGE = YES_ERROR;
				CLANG_WARN_DOCUMENTATION_COMMENTS = YES;
				CLANG_WARN_EMPTY_BODY = YES;
				CLANG_WARN_ENUM_CONVERSION = YES;
				CLANG_WARN_INFINITE_RECURSION = YES;
				CLANG_WARN_INT_CONVERSION = YES;
				CLANG_WARN_NON_LITERAL_NULL_CONVERSION = YES;
				CLANG_WARN_OBJC_LITERAL_CONVERSION = YES;
				CLANG_WARN_OBJC_ROOT_CLASS = YES_ERROR;
				CLANG_WARN_RANGE_LOOP_ANALYSIS = YES;
				CLANG_WARN_STRICT_PROTOTYPES = YES;
				CLANG_WARN_SUSPICIOUS_MOVE = YES;
				CLANG_WARN_UNGUARDED_AVAILABILITY = YES_AGGRESSIVE;
				CLANG_WARN_UNREACHABLE_CODE = YES;
				CLANG_WARN__DUPLICATE_METHOD_MATCH = YES;
				CODE_SIGN_IDENTITY = "iPhone Developer";
				COPY_PHASE_STRIP = NO;
				DEBUG_INFORMATION_FORMAT = "dwarf-with-dsym";
				ENABLE_NS_ASSERTIONS = NO;
				ENABLE_STRICT_OBJC_MSGSEND = YES;
				GCC_C_LANGUAGE_STANDARD = gnu11;
				GCC_NO_COMMON_BLOCKS = YES;
				GCC_WARN_64_TO_32_BIT_CONVERSION = YES;
				GCC_WARN_ABOUT_RETURN_TYPE = YES_ERROR;
				GCC_WARN_UNDECLARED_SELECTOR = YES;
				GCC_WARN_UNINITIALIZED_AUTOS = YES_AGGRESSIVE;
				GCC_WARN_UNUSED_FUNCTION = YES;
				GCC_WARN_UNUSED_VARIABLE = YES;
				IPHONEOS_DEPLOYMENT_TARGET = 11.1;
				MTL_ENABLE_DEBUG_INFO = NO;
				SDKROOT = iphoneos;
				SWIFT_OPTIMIZATION_LEVEL = "-Owholemodule";
				VALIDATE_PRODUCT = YES;
			};
			name = Release;
		};
		1549F8D7201954DF001D014D /* Debug */ = {
			isa = XCBuildConfiguration;
			baseConfigurationReference = 4B24FCA86AF5D183C684BD2E /* Pods-Blah.debug.xcconfig */;
			buildSettings = {
				ASSETCATALOG_COMPILER_APPICON_NAME = AppIcon;
				CLANG_ENABLE_MODULES = YES;
				CODE_SIGN_STYLE = Automatic;
				DEVELOPMENT_TEAM = AF7QK5XC7P;
				INFOPLIST_FILE = Blah/Info.plist;
				LD_RUNPATH_SEARCH_PATHS = "$(inherited) @executable_path/Frameworks";
				PRODUCT_BUNDLE_IDENTIFIER = com.arehsan.Blah;
				PRODUCT_NAME = "$(TARGET_NAME)";
				SWIFT_OBJC_BRIDGING_HEADER = "Blah/Supporting Files/Blah-Bridging-Header.h";
				SWIFT_OPTIMIZATION_LEVEL = "-Onone";
				SWIFT_VERSION = 4.0;
				TARGETED_DEVICE_FAMILY = "1,2";
			};
			name = Debug;
		};
		1549F8D8201954DF001D014D /* Release */ = {
			isa = XCBuildConfiguration;
			baseConfigurationReference = A046E8EE1F2583D889B2B690 /* Pods-Blah.release.xcconfig */;
			buildSettings = {
				ASSETCATALOG_COMPILER_APPICON_NAME = AppIcon;
				CLANG_ENABLE_MODULES = YES;
				CODE_SIGN_STYLE = Automatic;
				DEVELOPMENT_TEAM = AF7QK5XC7P;
				INFOPLIST_FILE = Blah/Info.plist;
				LD_RUNPATH_SEARCH_PATHS = "$(inherited) @executable_path/Frameworks";
				PRODUCT_BUNDLE_IDENTIFIER = com.arehsan.Blah;
				PRODUCT_NAME = "$(TARGET_NAME)";
				SWIFT_OBJC_BRIDGING_HEADER = "Blah/Supporting Files/Blah-Bridging-Header.h";
				SWIFT_VERSION = 4.0;
				TARGETED_DEVICE_FAMILY = "1,2";
			};
			name = Release;
		};
/* End XCBuildConfiguration section */

/* Begin XCConfigurationList section */
		1549F8BF201954DF001D014D /* Build configuration list for PBXProject "Blah" */ = {
			isa = XCConfigurationList;
			buildConfigurations = (
				1549F8D4201954DF001D014D /* Debug */,
				1549F8D5201954DF001D014D /* Release */,
			);
			defaultConfigurationIsVisible = 0;
			defaultConfigurationName = Release;
		};
		1549F8D6201954DF001D014D /* Build configuration list for PBXNativeTarget "Blah" */ = {
			isa = XCConfigurationList;
			buildConfigurations = (
				1549F8D7201954DF001D014D /* Debug */,
				1549F8D8201954DF001D014D /* Release */,
			);
			defaultConfigurationIsVisible = 0;
			defaultConfigurationName = Release;
		};
/* End XCConfigurationList section */
	};
	rootObject = 1549F8BC201954DF001D014D /* Project object */;
}
